github.com/karrick/godirwalk v1.11.3 h1:ZrtYOzzHRzItdU1MvkK3CLlhC4m3YTWFgGyiBuSCQSY=
github.com/karrick/godirwalk v1.11.3/go.mod h1:H5KPZjojv4lE+QYImBI8xVtrBRgYrIVsaRPx4tDPEn4=
github.com/pkg/errors v0.8.1 h1:iURUrRGxPUNPdy5/HRSm+Yj6okJ6UtLINN0Q9M4+h3I=
github.com/pkg/errors v0.8.1/go.mod h1:bwawxfHBFNV+L2hUp1rHADufV3IMtnDRdf1r5NINEl0=
