# This file is autogenerated, do not edit; changes may be undone by the next 'dep ensure'.


[[projects]]
  branch = "master"
  name = "github.com/MichaelTJones/walk"
  packages = ["."]
  revision = "4748e29d5718c2df4028a6543edf86fd8cc0f881"

[solve-meta]
  analyzer-name = "dep"
  analyzer-version = 1
  inputs-digest = "f9588fccde76aef9b92ad5b1ebc2f6529678fa7a80a8edca4dca172ea9373d15"
  solver-name = "gps-cdcl"
  solver-version = 1
