# This file is autogenerated, do not edit; changes may be undone by the next 'dep ensure'.


[[projects]]
  branch = "master"
  name = "github.com/MichaelTJones/walk"
  packages = ["."]
  revision = "4748e29d5718c2df4028a6543edf86fd8cc0f881"

[solve-meta]
  analyzer-name = "dep"
  analyzer-version = 1
  inputs-digest = "28e7bfd082177169e53953b20c924599de3fdda864e1782fd1911a9d099fd982"
  solver-name = "gps-cdcl"
  solver-version = 1
